{
  "name": "sls-appsync-backend",
  "version": "1.0.0",
  "lockfileVersion": 1,
  "requires": true,
  "dependencies": {
    "ramda": {
      "version": "0.25.0",
      "resolved": "https://registry.npmjs.org/ramda/-/ramda-0.25.0.tgz",
      "integrity": "sha512-GXpfrYVPwx3K7RQ6aYT8KPS8XViSXUVJT1ONhoKPE9VAleW42YE+U+8VEyGWt41EnEQW7gwecYJriTI0pKoecQ=="
    },
    "serverless-appsync-plugin": {
      "version": "1.0.0",
      "resolved": "https://registry.npmjs.org/serverless-appsync-plugin/-/serverless-appsync-plugin-1.0.0.tgz",
      "integrity": "sha512-gGV/VUcx27EGpmcZgKpBIuvtarX2HRxsgt3Qqr9G/SmYu0KIO+2qActsLRjepWE/Ij3vkHU1FYDzuQf6qndlqw==",
      "requires": {
        "ramda": "0.25.0"
      }
    },
    "serverless-pseudo-parameters": {
      "version": "1.6.0",
      "resolved": "https://registry.npmjs.org/serverless-pseudo-parameters/-/serverless-pseudo-parameters-1.6.0.tgz",
      "integrity": "sha512-U0AGzs8qJNAYyp5pntd9W5zKGu3Vxw9YYFgsKpxz/FCNVbSppqMNOjfb2X2mSi6x531QSNs99Twcbeg/lK6hBg=="
    }
  }
}
